
Microsoft Visual Studio Solution File, Format Version 12.00
# Visual Studio Version 17
VisualStudioVersion = 17.5.33103.201
MinimumVisualStudioVersion = 10.0.40219.1
Project("{FAE04EC0-301F-11D3-BF4B-00C04F79EFBC}") = "AzureRedisCacheApi", "AzureRedisCacheApi.csproj", "{0224643B-7D9A-47A2-B3F3-D7C9DF2EAFBB}"
EndProject
Global
	GlobalSection(SolutionConfigurationPlatforms) = preSolution
		Debug|Any CPU = Debug|Any CPU
		Release|Any CPU = Release|Any CPU
	EndGlobalSection
	GlobalSection(ProjectConfigurationPlatforms) = postSolution
		{0224643B-7D9A-47A2-B3F3-D7C9DF2EAFBB}.Debug|Any CPU.ActiveCfg = Debug|Any CPU
		{0224643B-7D9A-47A2-B3F3-D7C9DF2EAFBB}.Debug|Any CPU.Build.0 = Debug|Any CPU
		{0224643B-7D9A-47A2-B3F3-D7C9DF2EAFBB}.Release|Any CPU.ActiveCfg = Release|Any CPU
		{0224643B-7D9A-47A2-B3F3-D7C9DF2EAFBB}.Release|Any CPU.Build.0 = Release|Any CPU
	EndGlobalSection
	GlobalSection(SolutionProperties) = preSolution
		HideSolutionNode = FALSE
	EndGlobalSection
	GlobalSection(ExtensibilityGlobals) = postSolution
		SolutionGuid = {1831F460-E525-42A4-B392-6A3CAECBFFC9}
	EndGlobalSection
EndGlobal
